
Microsoft Visual Studio Solution File, Format Version 12.00
# Visual Studio 15
VisualStudioVersion = 15.0.28010.2026
MinimumVisualStudioVersion = 10.0.40219.1
Project("{FAE04EC0-301F-11D3-BF4B-00C04F79EFBC}") = "WebApplication1", "WebApplication1\WebApplication1.csproj", "{21464B9A-9888-4D48-A115-B7FAB2CB8548}"
EndProject
Global
	GlobalSection(SolutionConfigurationPlatforms) = preSolution
		Debug|Any CPU = Debug|Any CPU
		Release|Any CPU = Release|Any CPU
	EndGlobalSection
	GlobalSection(ProjectConfigurationPlatforms) = postSolution
		{21464B9A-9888-4D48-A115-B7FAB2CB8548}.Debug|Any CPU.ActiveCfg = Debug|Any CPU
		{21464B9A-9888-4D48-A115-B7FAB2CB8548}.Debug|Any CPU.Build.0 = Debug|Any CPU
		{21464B9A-9888-4D48-A115-B7FAB2CB8548}.Release|Any CPU.ActiveCfg = Release|Any CPU
		{21464B9A-9888-4D48-A115-B7FAB2CB8548}.Release|Any CPU.Build.0 = Release|Any CPU
	EndGlobalSection
	GlobalSection(SolutionProperties) = preSolution
		HideSolutionNode = FALSE
	EndGlobalSection
	GlobalSection(ExtensibilityGlobals) = postSolution
		SolutionGuid = {86BF28B0-A6D3-446A-8B2B-A4D06B921AE7}
	EndGlobalSection
EndGlobal
